<?xml version="1.0" encoding="utf-8"?>
<Project ToolsVersion="4.0" xmlns="http://schemas.microsoft.com/developer/msbuild/2003">
  <ItemGroup>
    <Filter Include="源文件">
      <UniqueIdentifier>{4FC737F1-C7A5-4376-A066-2A32D752A2FF}</UniqueIdentifier>
      <Extensions>cpp;c;cc;cxx;c++;cppm;ixx;def;odl;idl;hpj;bat;asm;asmx</Extensions>
    </Filter>
    <Filter Include="资源文件">
      <UniqueIdentifier>{67DA6AB6-F800-4c08-8B7A-83BB121AAD01}</UniqueIdentifier>
      <Extensions>rc;ico;cur;bmp;dlg;rc2;rct;bin;rgs;gif;jpg;jpeg;jpe;resx;tiff;tif;png;wav;mfcribbon-ms</Extensions>
    </Filter>
    <Filter Include="libcrypto_bcm_sources">
      <UniqueIdentifier>{23abe4fb-e04f-4da6-90fb-8651f582d866}</UniqueIdentifier>
    </Filter>
    <Filter Include="openssl">
      <UniqueIdentifier>{93995380-89BD-4b04-88EB-625FBE52EBFB}</UniqueIdentifier>
      <Extensions>h;hh;hpp;hxx;h++;hm;inl;inc;ipp;xsd</Extensions>
    </Filter>
  </ItemGroup>
  <ItemGroup>
    <ClCompile Include="..\..\src\crypto\fipsmodule\bcm.c">
      <Filter>libcrypto_bcm_sources</Filter>
    </ClCompile>
  </ItemGroup>
  <ItemGroup>
    <ClInclude Include="..\..\src\include\openssl\aead.h">
      <Filter>openssl</Filter>
    </ClInclude>
    <ClInclude Include="..\..\src\include\openssl\aes.h">
      <Filter>openssl</Filter>
    </ClInclude>
    <ClInclude Include="..\..\src\include\openssl\arm_arch.h">
      <Filter>openssl</Filter>
    </ClInclude>
    <ClInclude Include="..\..\src\include\openssl\asn1.h">
      <Filter>openssl</Filter>
    </ClInclude>
    <ClInclude Include="..\..\src\include\openssl\asn1_mac.h">
      <Filter>openssl</Filter>
    </ClInclude>
    <ClInclude Include="..\..\src\include\openssl\asn1t.h">
      <Filter>openssl</Filter>
    </ClInclude>
    <ClInclude Include="..\..\src\include\openssl\base.h">
      <Filter>openssl</Filter>
    </ClInclude>
    <ClInclude Include="..\..\src\include\openssl\base64.h">
      <Filter>openssl</Filter>
    </ClInclude>
    <ClInclude Include="..\..\src\include\openssl\bio.h">
      <Filter>openssl</Filter>
    </ClInclude>
    <ClInclude Include="..\..\src\include\openssl\blake2.h">
      <Filter>openssl</Filter>
    </ClInclude>
    <ClInclude Include="..\..\src\include\openssl\blowfish.h">
      <Filter>openssl</Filter>
    </ClInclude>
    <ClInclude Include="..\..\src\include\openssl\bn.h">
      <Filter>openssl</Filter>
    </ClInclude>
    <ClInclude Include="..\..\src\include\openssl\buf.h">
      <Filter>openssl</Filter>
    </ClInclude>
    <ClInclude Include="..\..\src\include\openssl\buffer.h">
      <Filter>openssl</Filter>
    </ClInclude>
    <ClInclude Include="..\..\src\include\openssl\bytestring.h">
      <Filter>openssl</Filter>
    </ClInclude>
    <ClInclude Include="..\..\src\include\openssl\cast.h">
      <Filter>openssl</Filter>
    </ClInclude>
    <ClInclude Include="..\..\src\include\openssl\chacha.h">
      <Filter>openssl</Filter>
    </ClInclude>
    <ClInclude Include="..\..\src\include\openssl\cipher.h">
      <Filter>openssl</Filter>
    </ClInclude>
    <ClInclude Include="..\..\src\include\openssl\cmac.h">
      <Filter>openssl</Filter>
    </ClInclude>
    <ClInclude Include="..\..\src\include\openssl\conf.h">
      <Filter>openssl</Filter>
    </ClInclude>
    <ClInclude Include="..\..\src\include\openssl\cpu.h">
      <Filter>openssl</Filter>
    </ClInclude>
    <ClInclude Include="..\..\src\include\openssl\crypto.h">
      <Filter>openssl</Filter>
    </ClInclude>
    <ClInclude Include="..\..\src\include\openssl\ctrdrbg.h">
      <Filter>openssl</Filter>
    </ClInclude>
    <ClInclude Include="..\..\src\include\openssl\curve25519.h">
      <Filter>openssl</Filter>
    </ClInclude>
    <ClInclude Include="..\..\src\include\openssl\des.h">
      <Filter>openssl</Filter>
    </ClInclude>
    <ClInclude Include="..\..\src\include\openssl\dh.h">
      <Filter>openssl</Filter>
    </ClInclude>
    <ClInclude Include="..\..\src\include\openssl\digest.h">
      <Filter>openssl</Filter>
    </ClInclude>
    <ClInclude Include="..\..\src\include\openssl\dsa.h">
      <Filter>openssl</Filter>
    </ClInclude>
    <ClInclude Include="..\..\src\include\openssl\dtls1.h">
      <Filter>openssl</Filter>
    </ClInclude>
    <ClInclude Include="..\..\src\include\openssl\e_os2.h">
      <Filter>openssl</Filter>
    </ClInclude>
    <ClInclude Include="..\..\src\include\openssl\ec.h">
      <Filter>openssl</Filter>
    </ClInclude>
    <ClInclude Include="..\..\src\include\openssl\ec_key.h">
      <Filter>openssl</Filter>
    </ClInclude>
    <ClInclude Include="..\..\src\include\openssl\ecdh.h">
      <Filter>openssl</Filter>
    </ClInclude>
    <ClInclude Include="..\..\src\include\openssl\ecdsa.h">
      <Filter>openssl</Filter>
    </ClInclude>
    <ClInclude Include="..\..\src\include\openssl\engine.h">
      <Filter>openssl</Filter>
    </ClInclude>
    <ClInclude Include="..\..\src\include\openssl\err.h">
      <Filter>openssl</Filter>
    </ClInclude>
    <ClInclude Include="..\..\src\include\openssl\evp.h">
      <Filter>openssl</Filter>
    </ClInclude>
    <ClInclude Include="..\..\src\include\openssl\evp_errors.h">
      <Filter>openssl</Filter>
    </ClInclude>
    <ClInclude Include="..\..\src\include\openssl\ex_data.h">
      <Filter>openssl</Filter>
    </ClInclude>
    <ClInclude Include="..\..\src\include\openssl\hkdf.h">
      <Filter>openssl</Filter>
    </ClInclude>
    <ClInclude Include="..\..\src\include\openssl\hmac.h">
      <Filter>openssl</Filter>
    </ClInclude>
    <ClInclude Include="..\..\src\include\openssl\hpke.h">
      <Filter>openssl</Filter>
    </ClInclude>
    <ClInclude Include="..\..\src\include\openssl\hrss.h">
      <Filter>openssl</Filter>
    </ClInclude>
    <ClInclude Include="..\..\src\include\openssl\is_boringssl.h">
      <Filter>openssl</Filter>
    </ClInclude>
    <ClInclude Include="..\..\src\include\openssl\lhash.h">
      <Filter>openssl</Filter>
    </ClInclude>
    <ClInclude Include="..\..\src\include\openssl\md4.h">
      <Filter>openssl</Filter>
    </ClInclude>
    <ClInclude Include="..\..\src\include\openssl\md5.h">
      <Filter>openssl</Filter>
    </ClInclude>
    <ClInclude Include="..\..\src\include\openssl\mem.h">
      <Filter>openssl</Filter>
    </ClInclude>
    <ClInclude Include="..\..\src\include\openssl\nid.h">
      <Filter>openssl</Filter>
    </ClInclude>
    <ClInclude Include="..\..\src\include\openssl\obj.h">
      <Filter>openssl</Filter>
    </ClInclude>
    <ClInclude Include="..\..\src\include\openssl\obj_mac.h">
      <Filter>openssl</Filter>
    </ClInclude>
    <ClInclude Include="..\..\src\include\openssl\objects.h">
      <Filter>openssl</Filter>
    </ClInclude>
    <ClInclude Include="..\..\src\include\openssl\opensslconf.h">
      <Filter>openssl</Filter>
    </ClInclude>
    <ClInclude Include="..\..\src\include\openssl\opensslv.h">
      <Filter>openssl</Filter>
    </ClInclude>
    <ClInclude Include="..\..\src\include\openssl\ossl_typ.h">
      <Filter>openssl</Filter>
    </ClInclude>
    <ClInclude Include="..\..\src\include\openssl\pem.h">
      <Filter>openssl</Filter>
    </ClInclude>
    <ClInclude Include="..\..\src\include\openssl\pkcs7.h">
      <Filter>openssl</Filter>
    </ClInclude>
    <ClInclude Include="..\..\src\include\openssl\pkcs8.h">
      <Filter>openssl</Filter>
    </ClInclude>
    <ClInclude Include="..\..\src\include\openssl\pkcs12.h">
      <Filter>openssl</Filter>
    </ClInclude>
    <ClInclude Include="..\..\src\include\openssl\poly1305.h">
      <Filter>openssl</Filter>
    </ClInclude>
    <ClInclude Include="..\..\src\include\openssl\pool.h">
      <Filter>openssl</Filter>
    </ClInclude>
    <ClInclude Include="..\..\src\include\openssl\rand.h">
      <Filter>openssl</Filter>
    </ClInclude>
    <ClInclude Include="..\..\src\include\openssl\rc4.h">
      <Filter>openssl</Filter>
    </ClInclude>
    <ClInclude Include="..\..\src\include\openssl\ripemd.h">
      <Filter>openssl</Filter>
    </ClInclude>
    <ClInclude Include="..\..\src\include\openssl\rsa.h">
      <Filter>openssl</Filter>
    </ClInclude>
    <ClInclude Include="..\..\src\include\openssl\safestack.h">
      <Filter>openssl</Filter>
    </ClInclude>
    <ClInclude Include="..\..\src\include\openssl\service_indicator.h">
      <Filter>openssl</Filter>
    </ClInclude>
    <ClInclude Include="..\..\src\include\openssl\sha.h">
      <Filter>openssl</Filter>
    </ClInclude>
    <ClInclude Include="..\..\src\include\openssl\siphash.h">
      <Filter>openssl</Filter>
    </ClInclude>
    <ClInclude Include="..\..\src\include\openssl\span.h">
      <Filter>openssl</Filter>
    </ClInclude>
    <ClInclude Include="..\..\src\include\openssl\srtp.h">
      <Filter>openssl</Filter>
    </ClInclude>
    <ClInclude Include="..\..\src\include\openssl\ssl.h">
      <Filter>openssl</Filter>
    </ClInclude>
    <ClInclude Include="..\..\src\include\openssl\ssl3.h">
      <Filter>openssl</Filter>
    </ClInclude>
    <ClInclude Include="..\..\src\include\openssl\stack.h">
      <Filter>openssl</Filter>
    </ClInclude>
    <ClInclude Include="..\..\src\include\openssl\thread.h">
      <Filter>openssl</Filter>
    </ClInclude>
    <ClInclude Include="..\..\src\include\openssl\tls1.h">
      <Filter>openssl</Filter>
    </ClInclude>
    <ClInclude Include="..\..\src\include\openssl\trust_token.h">
      <Filter>openssl</Filter>
    </ClInclude>
    <ClInclude Include="..\..\src\include\openssl\type_check.h">
      <Filter>openssl</Filter>
    </ClInclude>
    <ClInclude Include="..\..\src\include\openssl\x509.h">
      <Filter>openssl</Filter>
    </ClInclude>
    <ClInclude Include="..\..\src\include\openssl\x509_vfy.h">
      <Filter>openssl</Filter>
    </ClInclude>
    <ClInclude Include="..\..\src\include\openssl\x509v3.h">
      <Filter>openssl</Filter>
    </ClInclude>
  </ItemGroup>
</Project>